
Microsoft Visual Studio Solution File, Format Version 12.00
# Visual Studio Version 16
VisualStudioVersion = 16.0.30907.101
MinimumVisualStudioVersion = 10.0.40219.1
Project("{FAE04EC0-301F-11D3-BF4B-00C04F79EFBC}") = "ClassMetotDemo", "ClassMetotDemo\ClassMetotDemo.csproj", "{85B71B49-B985-4922-9472-648F4919482A}"
EndProject
Global
	GlobalSection(SolutionConfigurationPlatforms) = preSolution
		Debug|Any CPU = Debug|Any CPU
		Release|Any CPU = Release|Any CPU
	EndGlobalSection
	GlobalSection(ProjectConfigurationPlatforms) = postSolution
		{85B71B49-B985-4922-9472-648F4919482A}.Debug|Any CPU.ActiveCfg = Debug|Any CPU
		{85B71B49-B985-4922-9472-648F4919482A}.Debug|Any CPU.Build.0 = Debug|Any CPU
		{85B71B49-B985-4922-9472-648F4919482A}.Release|Any CPU.ActiveCfg = Release|Any CPU
		{85B71B49-B985-4922-9472-648F4919482A}.Release|Any CPU.Build.0 = Release|Any CPU
	EndGlobalSection
	GlobalSection(SolutionProperties) = preSolution
		HideSolutionNode = FALSE
	EndGlobalSection
	GlobalSection(ExtensibilityGlobals) = postSolution
		SolutionGuid = {A5129406-BA80-4AA9-A118-0DCC5BE0DE97}
	EndGlobalSection
EndGlobal
